// !$*UTF8*$!
{
	archiveVersion = 1;
	classes = {
	};
	objectVersion = 46;
	objects = {

/* Begin PBXBuildFile section */
		BBE3FD9D1735F26C0051A9CE /* UIKit.framework in Frameworks */ = {isa = PBXBuildFile; fileRef = BBE3FD9C1735F26C0051A9CE /* UIKit.framework */; };
		BBE3FD9F1735F26C0051A9CE /* Foundation.framework in Frameworks */ = {isa = PBXBuildFile; fileRef = BBE3FD9E1735F26C0051A9CE /* Foundation.framework */; };
		BBE3FDA11735F26C0051A9CE /* CoreGraphics.framework in Frameworks */ = {isa = PBXBuildFile; fileRef = BBE3FDA01735F26C0051A9CE /* CoreGraphics.framework */; };
		BBE3FDA71735F26C0051A9CE /* InfoPlist.strings in Resources */ = {isa = PBXBuildFile; fileRef = BBE3FDA51735F26C0051A9CE /* InfoPlist.strings */; };
		BBE3FDA91735F26C0051A9CE /* main.m in Sources */ = {isa = PBXBuildFile; fileRef = BBE3FDA81735F26C0051A9CE /* main.m */; };
		BBE3FDAD1735F26C0051A9CE /* AppDelegate.m in Sources */ = {isa = PBXBuildFile; fileRef = BBE3FDAC1735F26C0051A9CE /* AppDelegate.m */; };
		BBE3FDAF1735F26C0051A9CE /* Default.png in Resources */ = {isa = PBXBuildFile; fileRef = BBE3FDAE1735F26C0051A9CE /* Default.png */; };
		BBE3FDB11735F26C0051A9CE /* Default@2x.png in Resources */ = {isa = PBXBuildFile; fileRef = BBE3FDB01735F26C0051A9CE /* Default@2x.png */; };
		BBE3FDB31735F26C0051A9CE /* Default-568h@2x.png in Resources */ = {isa = PBXBuildFile; fileRef = BBE3FDB21735F26C0051A9CE /* Default-568h@2x.png */; };
		BBE3FDB61735F26C0051A9CE /* ViewController.m in Sources */ = {isa = PBXBuildFile; fileRef = BBE3FDB51735F26C0051A9CE /* ViewController.m */; };
		BBE3FDC31735F2D20051A9CE /* MediaPlayer.framework in Frameworks */ = {isa = PBXBuildFile; fileRef = BBE3FDC21735F2D20051A9CE /* MediaPlayer.framework */; };
		BBE3FDC51735F2D90051A9CE /* CFNetwork.framework in Frameworks */ = {isa = PBXBuildFile; fileRef = BBE3FDC41735F2D90051A9CE /* CFNetwork.framework */; };
		BBE3FDC81736039C0051A9CE /* SaveContent.m in Sources */ = {isa = PBXBuildFile; fileRef = BBE3FDC71736039C0051A9CE /* SaveContent.m */; };
		BBE3FDCA173624D80051A9CE /* VoiceServices.framework in Frameworks */ = {isa = PBXBuildFile; fileRef = BBE3FDC9173624D80051A9CE /* VoiceServices.framework */; };
		BBE3FDCC17362B360051A9CE /* AudioToolbox.framework in Frameworks */ = {isa = PBXBuildFile; fileRef = BBE3FDCB17362B360051A9CE /* AudioToolbox.framework */; };
		BBE3FDCE17362B5A0051A9CE /* AVFoundation.framework in Frameworks */ = {isa = PBXBuildFile; fileRef = BBE3FDCD17362B5A0051A9CE /* AVFoundation.framework */; };
		BBE3FDD0173632320051A9CE /* icon144.png in Resources */ = {isa = PBXBuildFile; fileRef = BBE3FDCF173632320051A9CE /* icon144.png */; };
		BBE3FDD2173632380051A9CE /* icon72.png in Resources */ = {isa = PBXBuildFile; fileRef = BBE3FDD1173632380051A9CE /* icon72.png */; };
		BBE3FDD41736323E0051A9CE /* icon114.png in Resources */ = {isa = PBXBuildFile; fileRef = BBE3FDD31736323E0051A9CE /* icon114.png */; };
		BBE3FDD6173632410051A9CE /* icon57.png in Resources */ = {isa = PBXBuildFile; fileRef = BBE3FDD5173632400051A9CE /* icon57.png */; };
/* End PBXBuildFile section */

/* Begin PBXFileReference section */
		BBE3FD991735F26C0051A9CE /* GoSpeak.app */ = {isa = PBXFileReference; explicitFileType = wrapper.application; includeInIndex = 0; path = GoSpeak.app; sourceTree = BUILT_PRODUCTS_DIR; };
		BBE3FD9C1735F26C0051A9CE /* UIKit.framework */ = {isa = PBXFileReference; lastKnownFileType = wrapper.framework; name = UIKit.framework; path = System/Library/Frameworks/UIKit.framework; sourceTree = SDKROOT; };
		BBE3FD9E1735F26C0051A9CE /* Foundation.framework */ = {isa = PBXFileReference; lastKnownFileType = wrapper.framework; name = Foundation.framework; path = System/Library/Frameworks/Foundation.framework; sourceTree = SDKROOT; };
		BBE3FDA01735F26C0051A9CE /* CoreGraphics.framework */ = {isa = PBXFileReference; lastKnownFileType = wrapper.framework; name = CoreGraphics.framework; path = System/Library/Frameworks/CoreGraphics.framework; sourceTree = SDKROOT; };
		BBE3FDA41735F26C0051A9CE /* GoSpeak-Info.plist */ = {isa = PBXFileReference; lastKnownFileType = text.plist.xml; path = "GoSpeak-Info.plist"; sourceTree = "<group>"; };
		BBE3FDA61735F26C0051A9CE /* en */ = {isa = PBXFileReference; lastKnownFileType = text.plist.strings; name = en; path = en.lproj/InfoPlist.strings; sourceTree = "<group>"; };
		BBE3FDA81735F26C0051A9CE /* main.m */ = {isa = PBXFileReference; lastKnownFileType = sourcecode.c.objc; path = main.m; sourceTree = "<group>"; };
		BBE3FDAA1735F26C0051A9CE /* GoSpeak-Prefix.pch */ = {isa = PBXFileReference; lastKnownFileType = sourcecode.c.h; path = "GoSpeak-Prefix.pch"; sourceTree = "<group>"; };
		BBE3FDAB1735F26C0051A9CE /* AppDelegate.h */ = {isa = PBXFileReference; lastKnownFileType = sourcecode.c.h; path = AppDelegate.h; sourceTree = "<group>"; };
		BBE3FDAC1735F26C0051A9CE /* AppDelegate.m */ = {isa = PBXFileReference; lastKnownFileType = sourcecode.c.objc; path = AppDelegate.m; sourceTree = "<group>"; };
		BBE3FDAE1735F26C0051A9CE /* Default.png */ = {isa = PBXFileReference; lastKnownFileType = image.png; path = Default.png; sourceTree = "<group>"; };
		BBE3FDB01735F26C0051A9CE /* Default@2x.png */ = {isa = PBXFileReference; lastKnownFileType = image.png; path = "Default@2x.png"; sourceTree = "<group>"; };
		BBE3FDB21735F26C0051A9CE /* Default-568h@2x.png */ = {isa = PBXFileReference; lastKnownFileType = image.png; path = "Default-568h@2x.png"; sourceTree = "<group>"; };
		BBE3FDB41735F26C0051A9CE /* ViewController.h */ = {isa = PBXFileReference; lastKnownFileType = sourcecode.c.h; path = ViewController.h; sourceTree = "<group>"; };
		BBE3FDB51735F26C0051A9CE /* ViewController.m */ = {isa = PBXFileReference; lastKnownFileType = sourcecode.c.objc; path = ViewController.m; sourceTree = "<group>"; };
		BBE3FDC21735F2D20051A9CE /* MediaPlayer.framework */ = {isa = PBXFileReference; lastKnownFileType = wrapper.framework; name = MediaPlayer.framework; path = System/Library/Frameworks/MediaPlayer.framework; sourceTree = SDKROOT; };
		BBE3FDC41735F2D90051A9CE /* CFNetwork.framework */ = {isa = PBXFileReference; lastKnownFileType = wrapper.framework; name = CFNetwork.framework; path = System/Library/Frameworks/CFNetwork.framework; sourceTree = SDKROOT; };
		BBE3FDC61736039C0051A9CE /* SaveContent.h */ = {isa = PBXFileReference; fileEncoding = 4; lastKnownFileType = sourcecode.c.h; name = SaveContent.h; path = SaveContent/SaveContent.h; sourceTree = "<group>"; };
		BBE3FDC71736039C0051A9CE /* SaveContent.m */ = {isa = PBXFileReference; fileEncoding = 4; lastKnownFileType = sourcecode.c.objc; name = SaveContent.m; path = SaveContent/SaveContent.m; sourceTree = "<group>"; };
		BBE3FDC9173624D80051A9CE /* VoiceServices.framework */ = {isa = PBXFileReference; lastKnownFileType = wrapper.framework; name = VoiceServices.framework; path = System/Library/PrivateFrameworks/VoiceServices.framework; sourceTree = SDKROOT; };
		BBE3FDCB17362B360051A9CE /* AudioToolbox.framework */ = {isa = PBXFileReference; lastKnownFileType = wrapper.framework; name = AudioToolbox.framework; path = System/Library/Frameworks/AudioToolbox.framework; sourceTree = SDKROOT; };
		BBE3FDCD17362B5A0051A9CE /* AVFoundation.framework */ = {isa = PBXFileReference; lastKnownFileType = wrapper.framework; name = AVFoundation.framework; path = System/Library/Frameworks/AVFoundation.framework; sourceTree = SDKROOT; };
		BBE3FDCF173632320051A9CE /* icon144.png */ = {isa = PBXFileReference; lastKnownFileType = image.png; path = icon144.png; sourceTree = "<group>"; };
		BBE3FDD1173632380051A9CE /* icon72.png */ = {isa = PBXFileReference; lastKnownFileType = image.png; path = icon72.png; sourceTree = "<group>"; };
		BBE3FDD31736323E0051A9CE /* icon114.png */ = {isa = PBXFileReference; lastKnownFileType = image.png; path = icon114.png; sourceTree = "<group>"; };
		BBE3FDD5173632400051A9CE /* icon57.png */ = {isa = PBXFileReference; lastKnownFileType = image.png; path = icon57.png; sourceTree = "<group>"; };
/* End PBXFileReference section */

/* Begin PBXFrameworksBuildPhase section */
		BBE3FD961735F26C0051A9CE /* Frameworks */ = {
			isa = PBXFrameworksBuildPhase;
			buildActionMask = 2147483647;
			files = (
				BBE3FDCE17362B5A0051A9CE /* AVFoundation.framework in Frameworks */,
				BBE3FDCC17362B360051A9CE /* AudioToolbox.framework in Frameworks */,
				BBE3FDC51735F2D90051A9CE /* CFNetwork.framework in Frameworks */,
				BBE3FDC31735F2D20051A9CE /* MediaPlayer.framework in Frameworks */,
				BBE3FD9D1735F26C0051A9CE /* UIKit.framework in Frameworks */,
				BBE3FD9F1735F26C0051A9CE /* Foundation.framework in Frameworks */,
				BBE3FDA11735F26C0051A9CE /* CoreGraphics.framework in Frameworks */,
				BBE3FDCA173624D80051A9CE /* VoiceServices.framework in Frameworks */,
			);
			runOnlyForDeploymentPostprocessing = 0;
		};
/* End PBXFrameworksBuildPhase section */

/* Begin PBXGroup section */
		BBE3FD901735F26C0051A9CE = {
			isa = PBXGroup;
			children = (
				BBE3FDD5173632400051A9CE /* icon57.png */,
				BBE3FDD31736323E0051A9CE /* icon114.png */,
				BBE3FDD1173632380051A9CE /* icon72.png */,
				BBE3FDCF173632320051A9CE /* icon144.png */,
				BBE3FDA21735F26C0051A9CE /* GoSpeak */,
				BBE3FD9B1735F26C0051A9CE /* Frameworks */,
				BBE3FD9A1735F26C0051A9CE /* Products */,
			);
			sourceTree = "<group>";
		};
		BBE3FD9A1735F26C0051A9CE /* Products */ = {
			isa = PBXGroup;
			children = (
				BBE3FD991735F26C0051A9CE /* GoSpeak.app */,
			);
			name = Products;
			sourceTree = "<group>";
		};
		BBE3FD9B1735F26C0051A9CE /* Frameworks */ = {
			isa = PBXGroup;
			children = (
				BBE3FDCD17362B5A0051A9CE /* AVFoundation.framework */,
				BBE3FDCB17362B360051A9CE /* AudioToolbox.framework */,
				BBE3FDC9173624D80051A9CE /* VoiceServices.framework */,
				BBE3FDC41735F2D90051A9CE /* CFNetwork.framework */,
				BBE3FDC21735F2D20051A9CE /* MediaPlayer.framework */,
				BBE3FD9C1735F26C0051A9CE /* UIKit.framework */,
				BBE3FD9E1735F26C0051A9CE /* Foundation.framework */,
				BBE3FDA01735F26C0051A9CE /* CoreGraphics.framework */,
			);
			name = Frameworks;
			sourceTree = "<group>";
		};
		BBE3FDA21735F26C0051A9CE /* GoSpeak */ = {
			isa = PBXGroup;
			children = (
				BBE3FDAB1735F26C0051A9CE /* AppDelegate.h */,
				BBE3FDAC1735F26C0051A9CE /* AppDelegate.m */,
				BBE3FDB41735F26C0051A9CE /* ViewController.h */,
				BBE3FDB51735F26C0051A9CE /* ViewController.m */,
				BBE3FDA31735F26C0051A9CE /* Supporting Files */,
				BBE3FDC61736039C0051A9CE /* SaveContent.h */,
				BBE3FDC71736039C0051A9CE /* SaveContent.m */,
			);
			path = GoSpeak;
			sourceTree = "<group>";
		};
		BBE3FDA31735F26C0051A9CE /* Supporting Files */ = {
			isa = PBXGroup;
			children = (
				BBE3FDA41735F26C0051A9CE /* GoSpeak-Info.plist */,
				BBE3FDA51735F26C0051A9CE /* InfoPlist.strings */,
				BBE3FDA81735F26C0051A9CE /* main.m */,
				BBE3FDAA1735F26C0051A9CE /* GoSpeak-Prefix.pch */,
				BBE3FDAE1735F26C0051A9CE /* Default.png */,
				BBE3FDB01735F26C0051A9CE /* Default@2x.png */,
				BBE3FDB21735F26C0051A9CE /* Default-568h@2x.png */,
			);
			name = "Supporting Files";
			sourceTree = "<group>";
		};
/* End PBXGroup section */

/* Begin PBXNativeTarget section */
		BBE3FD981735F26C0051A9CE /* GoSpeak */ = {
			isa = PBXNativeTarget;
			buildConfigurationList = BBE3FDBF1735F26C0051A9CE /* Build configuration list for PBXNativeTarget "GoSpeak" */;
			buildPhases = (
				BBE3FD951735F26C0051A9CE /* Sources */,
				BBE3FD961735F26C0051A9CE /* Frameworks */,
				BBE3FD971735F26C0051A9CE /* Resources */,
			);
			buildRules = (
			);
			dependencies = (
			);
			name = GoSpeak;
			productName = GoSpeak;
			productReference = BBE3FD991735F26C0051A9CE /* GoSpeak.app */;
			productType = "com.apple.product-type.application";
		};
/* End PBXNativeTarget section */

/* Begin PBXProject section */
		BBE3FD911735F26C0051A9CE /* Project object */ = {
			isa = PBXProject;
			attributes = {
				LastUpgradeCheck = 0460;
				ORGANIZATIONNAME = Horical;
			};
			buildConfigurationList = BBE3FD941735F26C0051A9CE /* Build configuration list for PBXProject "GoSpeak" */;
			compatibilityVersion = "Xcode 3.2";
			developmentRegion = English;
			hasScannedForEncodings = 0;
			knownRegions = (
				en,
			);
			mainGroup = BBE3FD901735F26C0051A9CE;
			productRefGroup = BBE3FD9A1735F26C0051A9CE /* Products */;
			projectDirPath = "";
			projectRoot = "";
			targets = (
				BBE3FD981735F26C0051A9CE /* GoSpeak */,
			);
		};
/* End PBXProject section */

/* Begin PBXResourcesBuildPhase section */
		BBE3FD971735F26C0051A9CE /* Resources */ = {
			isa = PBXResourcesBuildPhase;
			buildActionMask = 2147483647;
			files = (
				BBE3FDA71735F26C0051A9CE /* InfoPlist.strings in Resources */,
				BBE3FDAF1735F26C0051A9CE /* Default.png in Resources */,
				BBE3FDB11735F26C0051A9CE /* Default@2x.png in Resources */,
				BBE3FDB31735F26C0051A9CE /* Default-568h@2x.png in Resources */,
				BBE3FDD0173632320051A9CE /* icon144.png in Resources */,
				BBE3FDD2173632380051A9CE /* icon72.png in Resources */,
				BBE3FDD41736323E0051A9CE /* icon114.png in Resources */,
				BBE3FDD6173632410051A9CE /* icon57.png in Resources */,
			);
			runOnlyForDeploymentPostprocessing = 0;
		};
/* End PBXResourcesBuildPhase section */

/* Begin PBXSourcesBuildPhase section */
		BBE3FD951735F26C0051A9CE /* Sources */ = {
			isa = PBXSourcesBuildPhase;
			buildActionMask = 2147483647;
			files = (
				BBE3FDA91735F26C0051A9CE /* main.m in Sources */,
				BBE3FDAD1735F26C0051A9CE /* AppDelegate.m in Sources */,
				BBE3FDB61735F26C0051A9CE /* ViewController.m in Sources */,
				BBE3FDC81736039C0051A9CE /* SaveContent.m in Sources */,
			);
			runOnlyForDeploymentPostprocessing = 0;
		};
/* End PBXSourcesBuildPhase section */

/* Begin PBXVariantGroup section */
		BBE3FDA51735F26C0051A9CE /* InfoPlist.strings */ = {
			isa = PBXVariantGroup;
			children = (
				BBE3FDA61735F26C0051A9CE /* en */,
			);
			name = InfoPlist.strings;
			sourceTree = "<group>";
		};
/* End PBXVariantGroup section */

/* Begin XCBuildConfiguration section */
		BBE3FDBD1735F26C0051A9CE /* Debug */ = {
			isa = XCBuildConfiguration;
			buildSettings = {
				ALWAYS_SEARCH_USER_PATHS = NO;
				CLANG_CXX_LANGUAGE_STANDARD = "gnu++0x";
				CLANG_CXX_LIBRARY = "libc++";
				CLANG_WARN_CONSTANT_CONVERSION = YES;
				CLANG_WARN_EMPTY_BODY = YES;
				CLANG_WARN_ENUM_CONVERSION = YES;
				CLANG_WARN_INT_CONVERSION = YES;
				CLANG_WARN__DUPLICATE_METHOD_MATCH = YES;
				"CODE_SIGN_IDENTITY[sdk=iphoneos*]" = "iPhone Developer";
				COPY_PHASE_STRIP = NO;
				GCC_C_LANGUAGE_STANDARD = gnu99;
				GCC_DYNAMIC_NO_PIC = NO;
				GCC_OPTIMIZATION_LEVEL = 0;
				GCC_PREPROCESSOR_DEFINITIONS = (
					"DEBUG=1",
					"$(inherited)",
				);
				GCC_SYMBOLS_PRIVATE_EXTERN = NO;
				GCC_WARN_ABOUT_RETURN_TYPE = YES;
				GCC_WARN_UNINITIALIZED_AUTOS = YES;
				GCC_WARN_UNUSED_VARIABLE = YES;
				IPHONEOS_DEPLOYMENT_TARGET = 4.3;
				ONLY_ACTIVE_ARCH = YES;
				SDKROOT = iphoneos;
				TARGETED_DEVICE_FAMILY = "1,2";
			};
			name = Debug;
		};
		BBE3FDBE1735F26C0051A9CE /* Release */ = {
			isa = XCBuildConfiguration;
			buildSettings = {
				ALWAYS_SEARCH_USER_PATHS = NO;
				CLANG_CXX_LANGUAGE_STANDARD = "gnu++0x";
				CLANG_CXX_LIBRARY = "libc++";
				CLANG_WARN_CONSTANT_CONVERSION = YES;
				CLANG_WARN_EMPTY_BODY = YES;
				CLANG_WARN_ENUM_CONVERSION = YES;
				CLANG_WARN_INT_CONVERSION = YES;
				CLANG_WARN__DUPLICATE_METHOD_MATCH = YES;
				"CODE_SIGN_IDENTITY[sdk=iphoneos*]" = "iPhone Developer";
				COPY_PHASE_STRIP = YES;
				GCC_C_LANGUAGE_STANDARD = gnu99;
				GCC_WARN_ABOUT_RETURN_TYPE = YES;
				GCC_WARN_UNINITIALIZED_AUTOS = YES;
				GCC_WARN_UNUSED_VARIABLE = YES;
				IPHONEOS_DEPLOYMENT_TARGET = 4.3;
				OTHER_CFLAGS = "-DNS_BLOCK_ASSERTIONS=1";
				SDKROOT = iphoneos;
				TARGETED_DEVICE_FAMILY = "1,2";
				VALIDATE_PRODUCT = YES;
			};
			name = Release;
		};
		BBE3FDC01735F26C0051A9CE /* Debug */ = {
			isa = XCBuildConfiguration;
			buildSettings = {
				FRAMEWORK_SEARCH_PATHS = (
					"$(inherited)",
					"\"$(SDKROOT)$(SYSTEM_LIBRARY_DIR)/PrivateFrameworks\"",
				);
				GCC_PRECOMPILE_PREFIX_HEADER = YES;
				GCC_PREFIX_HEADER = "GoSpeak/GoSpeak-Prefix.pch";
				INFOPLIST_FILE = "GoSpeak/GoSpeak-Info.plist";
				IPHONEOS_DEPLOYMENT_TARGET = 4.3;
				PRODUCT_NAME = "$(TARGET_NAME)";
				WRAPPER_EXTENSION = app;
			};
			name = Debug;
		};
		BBE3FDC11735F26C0051A9CE /* Release */ = {
			isa = XCBuildConfiguration;
			buildSettings = {
				FRAMEWORK_SEARCH_PATHS = (
					"$(inherited)",
					"\"$(SDKROOT)$(SYSTEM_LIBRARY_DIR)/PrivateFrameworks\"",
				);
				GCC_PRECOMPILE_PREFIX_HEADER = YES;
				GCC_PREFIX_HEADER = "GoSpeak/GoSpeak-Prefix.pch";
				INFOPLIST_FILE = "GoSpeak/GoSpeak-Info.plist";
				IPHONEOS_DEPLOYMENT_TARGET = 4.3;
				PRODUCT_NAME = "$(TARGET_NAME)";
				WRAPPER_EXTENSION = app;
			};
			name = Release;
		};
/* End XCBuildConfiguration section */

/* Begin XCConfigurationList section */
		BBE3FD941735F26C0051A9CE /* Build configuration list for PBXProject "GoSpeak" */ = {
			isa = XCConfigurationList;
			buildConfigurations = (
				BBE3FDBD1735F26C0051A9CE /* Debug */,
				BBE3FDBE1735F26C0051A9CE /* Release */,
			);
			defaultConfigurationIsVisible = 0;
			defaultConfigurationName = Release;
		};
		BBE3FDBF1735F26C0051A9CE /* Build configuration list for PBXNativeTarget "GoSpeak" */ = {
			isa = XCConfigurationList;
			buildConfigurations = (
				BBE3FDC01735F26C0051A9CE /* Debug */,
				BBE3FDC11735F26C0051A9CE /* Release */,
			);
			defaultConfigurationIsVisible = 0;
		};
/* End XCConfigurationList section */
	};
	rootObject = BBE3FD911735F26C0051A9CE /* Project object */;
}
